github.com/DATA-DOG/go-txdb v0.1.4 h1:6On4TAD6V33/QlE6Y5l0A4KngRzYrUQ7bgPsDrFrtQo=
github.com/DATA-DOG/go-txdb v0.1.4/go.mod h1:DhAhxMXZpUJVGnT+p9IbzJoRKvlArO2pkHjnGX7o0n0=
github.com/go-sql-driver/mysql v1.6.0 h1:BCTh4TKNUYmOmMUcQ3IipzF5prigylS7XXjEkfCHuOE=
github.com/go-sql-driver/mysql v1.6.0/go.mod h1:DCzpHaOWr8IXmIStZouvnhqoel9Qv2LBy8hT2VhHyBg=
